
Microsoft Visual Studio Solution File, Format Version 11.00
# Visual Studio 2010
Project("{8BC9CEB8-8B4A-11D0-8D11-00A0C91BC942}") = "EasyScope_CH6", "EasyScope_CH6.vcxproj", "{924D2C11-5912-56CE-8A74-F88E201D3BED}"
EndProject
Global
	GlobalSection(SolutionConfigurationPlatforms) = preSolution
		Debug|Win32 = Debug|Win32
		Debug|x64 = Debug|x64
		Release|Win32 = Release|Win32
		Release|x64 = Release|x64
	EndGlobalSection
	GlobalSection(ProjectConfigurationPlatforms) = postSolution
		{924D2C11-5912-56CE-8A74-F88E201D3BED}.Debug|Win32.ActiveCfg = Debug|Win32
		{924D2C11-5912-56CE-8A74-F88E201D3BED}.Debug|Win32.Build.0 = Debug|Win32
		{924D2C11-5912-56CE-8A74-F88E201D3BED}.Debug|x64.ActiveCfg = Debug|x64
		{924D2C11-5912-56CE-8A74-F88E201D3BED}.Debug|x64.Build.0 = Debug|x64
		{924D2C11-5912-56CE-8A74-F88E201D3BED}.Release|Win32.ActiveCfg = Release|Win32
		{924D2C11-5912-56CE-8A74-F88E201D3BED}.Release|Win32.Build.0 = Release|Win32
		{924D2C11-5912-56CE-8A74-F88E201D3BED}.Release|x64.ActiveCfg = Release|x64
		{924D2C11-5912-56CE-8A74-F88E201D3BED}.Release|x64.Build.0 = Release|x64
	EndGlobalSection
	GlobalSection(SolutionProperties) = preSolution
		HideSolutionNode = FALSE
	EndGlobalSection
EndGlobal
