<?xml version="1.0" encoding="utf-8"?>
<Project ToolsVersion="4.0" xmlns="http://schemas.microsoft.com/developer/msbuild/2003">
  <ItemGroup>
    <Filter Include="Source Files">
      <UniqueIdentifier>{451715e5-f289-4dd0-86dd-743cb9369a8f}</UniqueIdentifier>
      <Extensions>cpp;c;cxx;rc;def;r;odl;idl;hpj;bat</Extensions>
    </Filter>
    <Filter Include="Header Files">
      <UniqueIdentifier>{9ad1a857-49a0-4c22-9063-2dbb048d1a8c}</UniqueIdentifier>
      <Extensions>h;hpp;hxx;hm;inl</Extensions>
    </Filter>
    <Filter Include="Resource Files">
      <UniqueIdentifier>{62c1b900-381d-4c77-babf-854b2e64bfa6}</UniqueIdentifier>
      <Extensions>ico;cur;bmp;dlg;rc2;rct;bin;rgs;gif;jpg;jpeg;jpe</Extensions>
    </Filter>
  </ItemGroup>
  <ItemGroup>
    <ClCompile Include="calInv.cpp">
      <Filter>Source Files</Filter>
    </ClCompile>
    <ClCompile Include="ChildFrm.cpp">
      <Filter>Source Files</Filter>
    </ClCompile>
    <ClCompile Include="DialogTime.cpp">
      <Filter>Source Files</Filter>
    </ClCompile>
    <ClCompile Include="DisplaySpm.cpp">
      <Filter>Source Files</Filter>
    </ClCompile>
    <ClCompile Include="DlgAmp.cpp">
      <Filter>Source Files</Filter>
    </ClCompile>
    <ClCompile Include="DlgAutoSetup.cpp">
      <Filter>Source Files</Filter>
    </ClCompile>
    <ClCompile Include="DlgEnergyKedu.cpp">
      <Filter>Source Files</Filter>
    </ClCompile>
    <ClCompile Include="DlgGuass.cpp">
      <Filter>Source Files</Filter>
    </ClCompile>
    <ClCompile Include="DlgRoIDisplay.cpp">
      <Filter>Source Files</Filter>
    </ClCompile>
    <ClCompile Include="DlgRS232.cpp">
      <Filter>Source Files</Filter>
    </ClCompile>
    <ClCompile Include="DlgSetRoi.cpp">
      <Filter>Source Files</Filter>
    </ClCompile>
    <ClCompile Include="DlgStrip.cpp">
      <Filter>Source Files</Filter>
    </ClCompile>
    <ClCompile Include="FindPeak.cpp">
      <Filter>Source Files</Filter>
    </ClCompile>
    <ClCompile Include="Function.cpp">
      <Filter>Source Files</Filter>
    </ClCompile>
    <ClCompile Include="GauseFit.cpp">
      <Filter>Source Files</Filter>
    </ClCompile>
    <ClCompile Include="MainFrm.cpp">
      <Filter>Source Files</Filter>
    </ClCompile>
    <ClCompile Include="mcbc.cpp">
      <Filter>Source Files</Filter>
    </ClCompile>
    <ClCompile Include="mcbcDoc.cpp">
      <Filter>Source Files</Filter>
    </ClCompile>
    <ClCompile Include="mcbcView.cpp">
      <Filter>Source Files</Filter>
    </ClCompile>
    <ClCompile Include="pid.cpp">
      <Filter>Source Files</Filter>
    </ClCompile>
    <ClCompile Include="StdAfx.cpp">
      <Filter>Source Files</Filter>
    </ClCompile>
    <ClCompile Include="WaveDisplay.cpp">
      <Filter>Source Files</Filter>
    </ClCompile>
    <ClCompile Include="DlgBaseLine.cpp">
      <Filter>Source Files</Filter>
    </ClCompile>
    <ClCompile Include="DlgSetLD.cpp">
      <Filter>Source Files</Filter>
    </ClCompile>
  </ItemGroup>
  <ItemGroup>
    <ResourceCompile Include="mcbc.rc">
      <Filter>Source Files</Filter>
    </ResourceCompile>
  </ItemGroup>
  <ItemGroup>
    <ClInclude Include="ChildFrm.h">
      <Filter>Header Files</Filter>
    </ClInclude>
    <ClInclude Include="define.h">
      <Filter>Header Files</Filter>
    </ClInclude>
    <ClInclude Include="DialogTime.h">
      <Filter>Header Files</Filter>
    </ClInclude>
    <ClInclude Include="DisplaySpm.h">
      <Filter>Header Files</Filter>
    </ClInclude>
    <ClInclude Include="DlgAmp.h">
      <Filter>Header Files</Filter>
    </ClInclude>
    <ClInclude Include="DlgAutoSetup.h">
      <Filter>Header Files</Filter>
    </ClInclude>
    <ClInclude Include="DlgEnergyKedu.h">
      <Filter>Header Files</Filter>
    </ClInclude>
    <ClInclude Include="DlgGuass.h">
      <Filter>Header Files</Filter>
    </ClInclude>
    <ClInclude Include="DlgRoIDisplay.h">
      <Filter>Header Files</Filter>
    </ClInclude>
    <ClInclude Include="DlgRS232.h">
      <Filter>Header Files</Filter>
    </ClInclude>
    <ClInclude Include="DlgSetRoi.h">
      <Filter>Header Files</Filter>
    </ClInclude>
    <ClInclude Include="DlgStrip.h">
      <Filter>Header Files</Filter>
    </ClInclude>
    <ClInclude Include="Function.h">
      <Filter>Header Files</Filter>
    </ClInclude>
    <ClInclude Include="MainFrm.h">
      <Filter>Header Files</Filter>
    </ClInclude>
    <ClInclude Include="mcbc.h">
      <Filter>Header Files</Filter>
    </ClInclude>
    <ClInclude Include="mcbcDoc.h">
      <Filter>Header Files</Filter>
    </ClInclude>
    <ClInclude Include="mcbcView.h">
      <Filter>Header Files</Filter>
    </ClInclude>
    <ClInclude Include="Resource.h">
      <Filter>Header Files</Filter>
    </ClInclude>
    <ClInclude Include="StdAfx.h">
      <Filter>Header Files</Filter>
    </ClInclude>
    <ClInclude Include="WaveDisplay.h">
      <Filter>Header Files</Filter>
    </ClInclude>
    <ClInclude Include="DlgBaseLine.h">
      <Filter>Header Files</Filter>
    </ClInclude>
    <ClInclude Include="DlgSetLD.h">
      <Filter>Header Files</Filter>
    </ClInclude>
  </ItemGroup>
  <ItemGroup>
    <Library Include="HTMLHELP.LIB" />
  </ItemGroup>
  <ItemGroup>
    <CustomBuild Include="res\mcbc.ico">
      <Filter>Resource Files</Filter>
    </CustomBuild>
    <CustomBuild Include="res\mcbc.rc2">
      <Filter>Resource Files</Filter>
    </CustomBuild>
    <CustomBuild Include="res\mcbcDoc.ico">
      <Filter>Resource Files</Filter>
    </CustomBuild>
    <CustomBuild Include="res\Toolbar.bmp">
      <Filter>Resource Files</Filter>
    </CustomBuild>
    <CustomBuild Include="aa.txt" />
    <CustomBuild Include="ReadMe.txt" />
  </ItemGroup>
</Project>